
Microsoft Visual Studio Solution File, Format Version 12.00
# Visual Studio Version 17
VisualStudioVersion = 17.0.31903.59
MinimumVisualStudioVersion = 10.0.40219.1
Project("{FAE04EC0-301F-11D3-BF4B-00C04F79EFBC}") = "DataDusk.API", "DataDusk.API\DataDusk.API.csproj", "{E2BE9223-64F1-441F-8433-A07AAC27BA72}"
EndProject
Project("{FAE04EC0-301F-11D3-BF4B-00C04F79EFBC}") = "DataDusk.Domain", "DataDusk.Domain\DataDusk.Domain.csproj", "{8B2326CC-6285-42B6-BA6E-5FB71A7836D7}"
EndProject
Project("{FAE04EC0-301F-11D3-BF4B-00C04F79EFBC}") = "DataDusk.Infra", "DataDusk.Infra\DataDusk.Infra.csproj", "{E2BA4B64-517C-418B-892E-6492AAC80DA1}"
EndProject
Global
	GlobalSection(SolutionConfigurationPlatforms) = preSolution
		Debug|Any CPU = Debug|Any CPU
		Release|Any CPU = Release|Any CPU
	EndGlobalSection
	GlobalSection(SolutionProperties) = preSolution
		HideSolutionNode = FALSE
	EndGlobalSection
	GlobalSection(ProjectConfigurationPlatforms) = postSolution
		{E2BE9223-64F1-441F-8433-A07AAC27BA72}.Debug|Any CPU.ActiveCfg = Debug|Any CPU
		{E2BE9223-64F1-441F-8433-A07AAC27BA72}.Debug|Any CPU.Build.0 = Debug|Any CPU
		{E2BE9223-64F1-441F-8433-A07AAC27BA72}.Release|Any CPU.ActiveCfg = Release|Any CPU
		{E2BE9223-64F1-441F-8433-A07AAC27BA72}.Release|Any CPU.Build.0 = Release|Any CPU
		{8B2326CC-6285-42B6-BA6E-5FB71A7836D7}.Debug|Any CPU.ActiveCfg = Debug|Any CPU
		{8B2326CC-6285-42B6-BA6E-5FB71A7836D7}.Debug|Any CPU.Build.0 = Debug|Any CPU
		{8B2326CC-6285-42B6-BA6E-5FB71A7836D7}.Release|Any CPU.ActiveCfg = Release|Any CPU
		{8B2326CC-6285-42B6-BA6E-5FB71A7836D7}.Release|Any CPU.Build.0 = Release|Any CPU
		{E2BA4B64-517C-418B-892E-6492AAC80DA1}.Debug|Any CPU.ActiveCfg = Debug|Any CPU
		{E2BA4B64-517C-418B-892E-6492AAC80DA1}.Debug|Any CPU.Build.0 = Debug|Any CPU
		{E2BA4B64-517C-418B-892E-6492AAC80DA1}.Release|Any CPU.ActiveCfg = Release|Any CPU
		{E2BA4B64-517C-418B-892E-6492AAC80DA1}.Release|Any CPU.Build.0 = Release|Any CPU
	EndGlobalSection
EndGlobal
